// !$*UTF8*$!
{
	archiveVersion = 1;
	classes = {
	};
	objectVersion = 55;
	objects = {

/* Begin PBXBuildFile section */
		1CDF629A279CE86C00AAAD82 /* AppDelegate.swift in Sources */ = {isa = PBXBuildFile; fileRef = 1CDF6299279CE86C00AAAD82 /* AppDelegate.swift */; };
		1CDF629C279CE86C00AAAD82 /* SceneDelegate.swift in Sources */ = {isa = PBXBuildFile; fileRef = 1CDF629B279CE86C00AAAD82 /* SceneDelegate.swift */; };
		1CDF629E279CE86C00AAAD82 /* ViewController.swift in Sources */ = {isa = PBXBuildFile; fileRef = 1CDF629D279CE86C00AAAD82 /* ViewController.swift */; };
		1CDF62A1279CE86C00AAAD82 /* Main.storyboard in Resources */ = {isa = PBXBuildFile; fileRef = 1CDF629F279CE86C00AAAD82 /* Main.storyboard */; };
		1CDF62A3279CE86D00AAAD82 /* Assets.xcassets in Resources */ = {isa = PBXBuildFile; fileRef = 1CDF62A2279CE86D00AAAD82 /* Assets.xcassets */; };
		1CDF62A6279CE86D00AAAD82 /* LaunchScreen.storyboard in Resources */ = {isa = PBXBuildFile; fileRef = 1CDF62A4279CE86D00AAAD82 /* LaunchScreen.storyboard */; };
		1CDF62B1279CE86E00AAAD82 /* SkywalkerTargetTests.swift in Sources */ = {isa = PBXBuildFile; fileRef = 1CDF62B0279CE86E00AAAD82 /* SkywalkerTargetTests.swift */; };
		1CDF62BB279CE86E00AAAD82 /* SkywalkerTargetUITests.swift in Sources */ = {isa = PBXBuildFile; fileRef = 1CDF62BA279CE86E00AAAD82 /* SkywalkerTargetUITests.swift */; };
		1CDF62BD279CE86E00AAAD82 /* SkywalkerTargetUITestsLaunchTests.swift in Sources */ = {isa = PBXBuildFile; fileRef = 1CDF62BC279CE86E00AAAD82 /* SkywalkerTargetUITestsLaunchTests.swift */; };
		1CDF62CD279CEAD400AAAD82 /* Skywalker in Frameworks */ = {isa = PBXBuildFile; productRef = 1CDF62CC279CEAD400AAAD82 /* Skywalker */; };
		1CDF62CF279CEAD400AAAD82 /* SkywalkerOC in Frameworks */ = {isa = PBXBuildFile; productRef = 1CDF62CE279CEAD400AAAD82 /* SkywalkerOC */; };
		1CDF62D3279CED5800AAAD82 /* OCViewController.m in Sources */ = {isa = PBXBuildFile; fileRef = 1CDF62D2279CED5800AAAD82 /* OCViewController.m */; };
/* End PBXBuildFile section */

/* Begin PBXContainerItemProxy section */
		1CDF62AD279CE86E00AAAD82 /* PBXContainerItemProxy */ = {
			isa = PBXContainerItemProxy;
			containerPortal = 1CDF628E279CE86C00AAAD82 /* Project object */;
			proxyType = 1;
			remoteGlobalIDString = 1CDF6295279CE86C00AAAD82;
			remoteInfo = SkywalkerTarget;
		};
		1CDF62B7279CE86E00AAAD82 /* PBXContainerItemProxy */ = {
			isa = PBXContainerItemProxy;
			containerPortal = 1CDF628E279CE86C00AAAD82 /* Project object */;
			proxyType = 1;
			remoteGlobalIDString = 1CDF6295279CE86C00AAAD82;
			remoteInfo = SkywalkerTarget;
		};
/* End PBXContainerItemProxy section */

/* Begin PBXFileReference section */
		1CDF6296279CE86C00AAAD82 /* SkywalkerTarget.app */ = {isa = PBXFileReference; explicitFileType = wrapper.application; includeInIndex = 0; path = SkywalkerTarget.app; sourceTree = BUILT_PRODUCTS_DIR; };
		1CDF6299279CE86C00AAAD82 /* AppDelegate.swift */ = {isa = PBXFileReference; lastKnownFileType = sourcecode.swift; path = AppDelegate.swift; sourceTree = "<group>"; };
		1CDF629B279CE86C00AAAD82 /* SceneDelegate.swift */ = {isa = PBXFileReference; lastKnownFileType = sourcecode.swift; path = SceneDelegate.swift; sourceTree = "<group>"; };
		1CDF629D279CE86C00AAAD82 /* ViewController.swift */ = {isa = PBXFileReference; lastKnownFileType = sourcecode.swift; path = ViewController.swift; sourceTree = "<group>"; };
		1CDF62A0279CE86C00AAAD82 /* Base */ = {isa = PBXFileReference; lastKnownFileType = file.storyboard; name = Base; path = Base.lproj/Main.storyboard; sourceTree = "<group>"; };
		1CDF62A2279CE86D00AAAD82 /* Assets.xcassets */ = {isa = PBXFileReference; lastKnownFileType = folder.assetcatalog; path = Assets.xcassets; sourceTree = "<group>"; };
		1CDF62A5279CE86D00AAAD82 /* Base */ = {isa = PBXFileReference; lastKnownFileType = file.storyboard; name = Base; path = Base.lproj/LaunchScreen.storyboard; sourceTree = "<group>"; };
		1CDF62A7279CE86D00AAAD82 /* Info.plist */ = {isa = PBXFileReference; lastKnownFileType = text.plist.xml; path = Info.plist; sourceTree = "<group>"; };
		1CDF62AC279CE86E00AAAD82 /* SkywalkerTargetTests.xctest */ = {isa = PBXFileReference; explicitFileType = wrapper.cfbundle; includeInIndex = 0; path = SkywalkerTargetTests.xctest; sourceTree = BUILT_PRODUCTS_DIR; };
		1CDF62B0279CE86E00AAAD82 /* SkywalkerTargetTests.swift */ = {isa = PBXFileReference; lastKnownFileType = sourcecode.swift; path = SkywalkerTargetTests.swift; sourceTree = "<group>"; };
		1CDF62B6279CE86E00AAAD82 /* SkywalkerTargetUITests.xctest */ = {isa = PBXFileReference; explicitFileType = wrapper.cfbundle; includeInIndex = 0; path = SkywalkerTargetUITests.xctest; sourceTree = BUILT_PRODUCTS_DIR; };
		1CDF62BA279CE86E00AAAD82 /* SkywalkerTargetUITests.swift */ = {isa = PBXFileReference; lastKnownFileType = sourcecode.swift; path = SkywalkerTargetUITests.swift; sourceTree = "<group>"; };
		1CDF62BC279CE86E00AAAD82 /* SkywalkerTargetUITestsLaunchTests.swift */ = {isa = PBXFileReference; lastKnownFileType = sourcecode.swift; path = SkywalkerTargetUITestsLaunchTests.swift; sourceTree = "<group>"; };
		1CDF62CA279CEABD00AAAD82 /* Skywalker */ = {isa = PBXFileReference; lastKnownFileType = wrapper; name = Skywalker; path = Packages/Skywalker; sourceTree = "<group>"; };
		1CDF62D0279CED5700AAAD82 /* SkywalkerTarget-Bridging-Header.h */ = {isa = PBXFileReference; lastKnownFileType = sourcecode.c.h; path = "SkywalkerTarget-Bridging-Header.h"; sourceTree = "<group>"; };
		1CDF62D1279CED5800AAAD82 /* OCViewController.h */ = {isa = PBXFileReference; lastKnownFileType = sourcecode.c.h; path = OCViewController.h; sourceTree = "<group>"; };
		1CDF62D2279CED5800AAAD82 /* OCViewController.m */ = {isa = PBXFileReference; lastKnownFileType = sourcecode.c.objc; path = OCViewController.m; sourceTree = "<group>"; };
		1CDF62D4279D060300AAAD82 /* PrefixHeader.pch */ = {isa = PBXFileReference; lastKnownFileType = sourcecode.c.h; path = PrefixHeader.pch; sourceTree = "<group>"; };
/* End PBXFileReference section */

/* Begin PBXFrameworksBuildPhase section */
		1CDF6293279CE86C00AAAD82 /* Frameworks */ = {
			isa = PBXFrameworksBuildPhase;
			buildActionMask = 2147483647;
			files = (
				1CDF62CF279CEAD400AAAD82 /* SkywalkerOC in Frameworks */,
				1CDF62CD279CEAD400AAAD82 /* Skywalker in Frameworks */,
			);
			runOnlyForDeploymentPostprocessing = 0;
		};
		1CDF62A9279CE86E00AAAD82 /* Frameworks */ = {
			isa = PBXFrameworksBuildPhase;
			buildActionMask = 2147483647;
			files = (
			);
			runOnlyForDeploymentPostprocessing = 0;
		};
		1CDF62B3279CE86E00AAAD82 /* Frameworks */ = {
			isa = PBXFrameworksBuildPhase;
			buildActionMask = 2147483647;
			files = (
			);
			runOnlyForDeploymentPostprocessing = 0;
		};
/* End PBXFrameworksBuildPhase section */

/* Begin PBXGroup section */
		1CDF628D279CE86C00AAAD82 = {
			isa = PBXGroup;
			children = (
				1CDF62C9279CEABD00AAAD82 /* Packages */,
				1CDF6298279CE86C00AAAD82 /* SkywalkerTarget */,
				1CDF62AF279CE86E00AAAD82 /* SkywalkerTargetTests */,
				1CDF62B9279CE86E00AAAD82 /* SkywalkerTargetUITests */,
				1CDF6297279CE86C00AAAD82 /* Products */,
				1CDF62CB279CEAD400AAAD82 /* Frameworks */,
			);
			sourceTree = "<group>";
		};
		1CDF6297279CE86C00AAAD82 /* Products */ = {
			isa = PBXGroup;
			children = (
				1CDF6296279CE86C00AAAD82 /* SkywalkerTarget.app */,
				1CDF62AC279CE86E00AAAD82 /* SkywalkerTargetTests.xctest */,
				1CDF62B6279CE86E00AAAD82 /* SkywalkerTargetUITests.xctest */,
			);
			name = Products;
			sourceTree = "<group>";
		};
		1CDF6298279CE86C00AAAD82 /* SkywalkerTarget */ = {
			isa = PBXGroup;
			children = (
				1CDF6299279CE86C00AAAD82 /* AppDelegate.swift */,
				1CDF629B279CE86C00AAAD82 /* SceneDelegate.swift */,
				1CDF629D279CE86C00AAAD82 /* ViewController.swift */,
				1CDF629F279CE86C00AAAD82 /* Main.storyboard */,
				1CDF62A2279CE86D00AAAD82 /* Assets.xcassets */,
				1CDF62A4279CE86D00AAAD82 /* LaunchScreen.storyboard */,
				1CDF62A7279CE86D00AAAD82 /* Info.plist */,
				1CDF62D1279CED5800AAAD82 /* OCViewController.h */,
				1CDF62D2279CED5800AAAD82 /* OCViewController.m */,
				1CDF62D4279D060300AAAD82 /* PrefixHeader.pch */,
				1CDF62D0279CED5700AAAD82 /* SkywalkerTarget-Bridging-Header.h */,
			);
			path = SkywalkerTarget;
			sourceTree = "<group>";
		};
		1CDF62AF279CE86E00AAAD82 /* SkywalkerTargetTests */ = {
			isa = PBXGroup;
			children = (
				1CDF62B0279CE86E00AAAD82 /* SkywalkerTargetTests.swift */,
			);
			path = SkywalkerTargetTests;
			sourceTree = "<group>";
		};
		1CDF62B9279CE86E00AAAD82 /* SkywalkerTargetUITests */ = {
			isa = PBXGroup;
			children = (
				1CDF62BA279CE86E00AAAD82 /* SkywalkerTargetUITests.swift */,
				1CDF62BC279CE86E00AAAD82 /* SkywalkerTargetUITestsLaunchTests.swift */,
			);
			path = SkywalkerTargetUITests;
			sourceTree = "<group>";
		};
		1CDF62C9279CEABD00AAAD82 /* Packages */ = {
			isa = PBXGroup;
			children = (
				1CDF62CA279CEABD00AAAD82 /* Skywalker */,
			);
			name = Packages;
			sourceTree = "<group>";
		};
		1CDF62CB279CEAD400AAAD82 /* Frameworks */ = {
			isa = PBXGroup;
			children = (
			);
			name = Frameworks;
			sourceTree = "<group>";
		};
/* End PBXGroup section */

/* Begin PBXNativeTarget section */
		1CDF6295279CE86C00AAAD82 /* SkywalkerTarget */ = {
			isa = PBXNativeTarget;
			buildConfigurationList = 1CDF62C0279CE86E00AAAD82 /* Build configuration list for PBXNativeTarget "SkywalkerTarget" */;
			buildPhases = (
				1CDF6292279CE86C00AAAD82 /* Sources */,
				1CDF6293279CE86C00AAAD82 /* Frameworks */,
				1CDF6294279CE86C00AAAD82 /* Resources */,
			);
			buildRules = (
			);
			dependencies = (
			);
			name = SkywalkerTarget;
			packageProductDependencies = (
				1CDF62CC279CEAD400AAAD82 /* Skywalker */,
				1CDF62CE279CEAD400AAAD82 /* SkywalkerOC */,
			);
			productName = SkywalkerTarget;
			productReference = 1CDF6296279CE86C00AAAD82 /* SkywalkerTarget.app */;
			productType = "com.apple.product-type.application";
		};
		1CDF62AB279CE86E00AAAD82 /* SkywalkerTargetTests */ = {
			isa = PBXNativeTarget;
			buildConfigurationList = 1CDF62C3279CE86E00AAAD82 /* Build configuration list for PBXNativeTarget "SkywalkerTargetTests" */;
			buildPhases = (
				1CDF62A8279CE86E00AAAD82 /* Sources */,
				1CDF62A9279CE86E00AAAD82 /* Frameworks */,
				1CDF62AA279CE86E00AAAD82 /* Resources */,
			);
			buildRules = (
			);
			dependencies = (
				1CDF62AE279CE86E00AAAD82 /* PBXTargetDependency */,
			);
			name = SkywalkerTargetTests;
			productName = SkywalkerTargetTests;
			productReference = 1CDF62AC279CE86E00AAAD82 /* SkywalkerTargetTests.xctest */;
			productType = "com.apple.product-type.bundle.unit-test";
		};
		1CDF62B5279CE86E00AAAD82 /* SkywalkerTargetUITests */ = {
			isa = PBXNativeTarget;
			buildConfigurationList = 1CDF62C6279CE86E00AAAD82 /* Build configuration list for PBXNativeTarget "SkywalkerTargetUITests" */;
			buildPhases = (
				1CDF62B2279CE86E00AAAD82 /* Sources */,
				1CDF62B3279CE86E00AAAD82 /* Frameworks */,
				1CDF62B4279CE86E00AAAD82 /* Resources */,
			);
			buildRules = (
			);
			dependencies = (
				1CDF62B8279CE86E00AAAD82 /* PBXTargetDependency */,
			);
			name = SkywalkerTargetUITests;
			productName = SkywalkerTargetUITests;
			productReference = 1CDF62B6279CE86E00AAAD82 /* SkywalkerTargetUITests.xctest */;
			productType = "com.apple.product-type.bundle.ui-testing";
		};
/* End PBXNativeTarget section */

/* Begin PBXProject section */
		1CDF628E279CE86C00AAAD82 /* Project object */ = {
			isa = PBXProject;
			attributes = {
				BuildIndependentTargetsInParallel = 1;
				LastSwiftUpdateCheck = 1320;
				LastUpgradeCheck = 1320;
				TargetAttributes = {
					1CDF6295279CE86C00AAAD82 = {
						CreatedOnToolsVersion = 13.2.1;
						LastSwiftMigration = 1320;
					};
					1CDF62AB279CE86E00AAAD82 = {
						CreatedOnToolsVersion = 13.2.1;
						TestTargetID = 1CDF6295279CE86C00AAAD82;
					};
					1CDF62B5279CE86E00AAAD82 = {
						CreatedOnToolsVersion = 13.2.1;
						TestTargetID = 1CDF6295279CE86C00AAAD82;
					};
				};
			};
			buildConfigurationList = 1CDF6291279CE86C00AAAD82 /* Build configuration list for PBXProject "SkywalkerTarget" */;
			compatibilityVersion = "Xcode 13.0";
			developmentRegion = en;
			hasScannedForEncodings = 0;
			knownRegions = (
				en,
				Base,
			);
			mainGroup = 1CDF628D279CE86C00AAAD82;
			productRefGroup = 1CDF6297279CE86C00AAAD82 /* Products */;
			projectDirPath = "";
			projectRoot = "";
			targets = (
				1CDF6295279CE86C00AAAD82 /* SkywalkerTarget */,
				1CDF62AB279CE86E00AAAD82 /* SkywalkerTargetTests */,
				1CDF62B5279CE86E00AAAD82 /* SkywalkerTargetUITests */,
			);
		};
/* End PBXProject section */

/* Begin PBXResourcesBuildPhase section */
		1CDF6294279CE86C00AAAD82 /* Resources */ = {
			isa = PBXResourcesBuildPhase;
			buildActionMask = 2147483647;
			files = (
				1CDF62A6279CE86D00AAAD82 /* LaunchScreen.storyboard in Resources */,
				1CDF62A3279CE86D00AAAD82 /* Assets.xcassets in Resources */,
				1CDF62A1279CE86C00AAAD82 /* Main.storyboard in Resources */,
			);
			runOnlyForDeploymentPostprocessing = 0;
		};
		1CDF62AA279CE86E00AAAD82 /* Resources */ = {
			isa = PBXResourcesBuildPhase;
			buildActionMask = 2147483647;
			files = (
			);
			runOnlyForDeploymentPostprocessing = 0;
		};
		1CDF62B4279CE86E00AAAD82 /* Resources */ = {
			isa = PBXResourcesBuildPhase;
			buildActionMask = 2147483647;
			files = (
			);
			runOnlyForDeploymentPostprocessing = 0;
		};
/* End PBXResourcesBuildPhase section */

/* Begin PBXSourcesBuildPhase section */
		1CDF6292279CE86C00AAAD82 /* Sources */ = {
			isa = PBXSourcesBuildPhase;
			buildActionMask = 2147483647;
			files = (
				1CDF629E279CE86C00AAAD82 /* ViewController.swift in Sources */,
				1CDF629A279CE86C00AAAD82 /* AppDelegate.swift in Sources */,
				1CDF62D3279CED5800AAAD82 /* OCViewController.m in Sources */,
				1CDF629C279CE86C00AAAD82 /* SceneDelegate.swift in Sources */,
			);
			runOnlyForDeploymentPostprocessing = 0;
		};
		1CDF62A8279CE86E00AAAD82 /* Sources */ = {
			isa = PBXSourcesBuildPhase;
			buildActionMask = 2147483647;
			files = (
				1CDF62B1279CE86E00AAAD82 /* SkywalkerTargetTests.swift in Sources */,
			);
			runOnlyForDeploymentPostprocessing = 0;
		};
		1CDF62B2279CE86E00AAAD82 /* Sources */ = {
			isa = PBXSourcesBuildPhase;
			buildActionMask = 2147483647;
			files = (
				1CDF62BB279CE86E00AAAD82 /* SkywalkerTargetUITests.swift in Sources */,
				1CDF62BD279CE86E00AAAD82 /* SkywalkerTargetUITestsLaunchTests.swift in Sources */,
			);
			runOnlyForDeploymentPostprocessing = 0;
		};
/* End PBXSourcesBuildPhase section */

/* Begin PBXTargetDependency section */
		1CDF62AE279CE86E00AAAD82 /* PBXTargetDependency */ = {
			isa = PBXTargetDependency;
			target = 1CDF6295279CE86C00AAAD82 /* SkywalkerTarget */;
			targetProxy = 1CDF62AD279CE86E00AAAD82 /* PBXContainerItemProxy */;
		};
		1CDF62B8279CE86E00AAAD82 /* PBXTargetDependency */ = {
			isa = PBXTargetDependency;
			target = 1CDF6295279CE86C00AAAD82 /* SkywalkerTarget */;
			targetProxy = 1CDF62B7279CE86E00AAAD82 /* PBXContainerItemProxy */;
		};
/* End PBXTargetDependency section */

/* Begin PBXVariantGroup section */
		1CDF629F279CE86C00AAAD82 /* Main.storyboard */ = {
			isa = PBXVariantGroup;
			children = (
				1CDF62A0279CE86C00AAAD82 /* Base */,
			);
			name = Main.storyboard;
			sourceTree = "<group>";
		};
		1CDF62A4279CE86D00AAAD82 /* LaunchScreen.storyboard */ = {
			isa = PBXVariantGroup;
			children = (
				1CDF62A5279CE86D00AAAD82 /* Base */,
			);
			name = LaunchScreen.storyboard;
			sourceTree = "<group>";
		};
/* End PBXVariantGroup section */

/* Begin XCBuildConfiguration section */
		1CDF62BE279CE86E00AAAD82 /* Debug */ = {
			isa = XCBuildConfiguration;
			buildSettings = {
				ALWAYS_SEARCH_USER_PATHS = NO;
				CLANG_ANALYZER_NONNULL = YES;
				CLANG_ANALYZER_NUMBER_OBJECT_CONVERSION = YES_AGGRESSIVE;
				CLANG_CXX_LANGUAGE_STANDARD = "gnu++17";
				CLANG_CXX_LIBRARY = "libc++";
				CLANG_ENABLE_MODULES = YES;
				CLANG_ENABLE_OBJC_ARC = YES;
				CLANG_ENABLE_OBJC_WEAK = YES;
				CLANG_WARN_BLOCK_CAPTURE_AUTORELEASING = YES;
				CLANG_WARN_BOOL_CONVERSION = YES;
				CLANG_WARN_COMMA = YES;
				CLANG_WARN_CONSTANT_CONVERSION = YES;
				CLANG_WARN_DEPRECATED_OBJC_IMPLEMENTATIONS = YES;
				CLANG_WARN_DIRECT_OBJC_ISA_USAGE = YES_ERROR;
				CLANG_WARN_DOCUMENTATION_COMMENTS = YES;
				CLANG_WARN_EMPTY_BODY = YES;
				CLANG_WARN_ENUM_CONVERSION = YES;
				CLANG_WARN_INFINITE_RECURSION = YES;
				CLANG_WARN_INT_CONVERSION = YES;
				CLANG_WARN_NON_LITERAL_NULL_CONVERSION = YES;
				CLANG_WARN_OBJC_IMPLICIT_RETAIN_SELF = YES;
				CLANG_WARN_OBJC_LITERAL_CONVERSION = YES;
				CLANG_WARN_OBJC_ROOT_CLASS = YES_ERROR;
				CLANG_WARN_QUOTED_INCLUDE_IN_FRAMEWORK_HEADER = YES;
				CLANG_WARN_RANGE_LOOP_ANALYSIS = YES;
				CLANG_WARN_STRICT_PROTOTYPES = YES;
				CLANG_WARN_SUSPICIOUS_MOVE = YES;
				CLANG_WARN_UNGUARDED_AVAILABILITY = YES_AGGRESSIVE;
				CLANG_WARN_UNREACHABLE_CODE = YES;
				CLANG_WARN__DUPLICATE_METHOD_MATCH = YES;
				COPY_PHASE_STRIP = NO;
				DEBUG_INFORMATION_FORMAT = dwarf;
				ENABLE_STRICT_OBJC_MSGSEND = YES;
				ENABLE_TESTABILITY = YES;
				GCC_C_LANGUAGE_STANDARD = gnu11;
				GCC_DYNAMIC_NO_PIC = NO;
				GCC_NO_COMMON_BLOCKS = YES;
				GCC_OPTIMIZATION_LEVEL = 0;
				GCC_PREPROCESSOR_DEFINITIONS = (
					"DEBUG=1",
					"$(inherited)",
				);
				GCC_WARN_64_TO_32_BIT_CONVERSION = YES;
				GCC_WARN_ABOUT_RETURN_TYPE = YES_ERROR;
				GCC_WARN_UNDECLARED_SELECTOR = YES;
				GCC_WARN_UNINITIALIZED_AUTOS = YES_AGGRESSIVE;
				GCC_WARN_UNUSED_FUNCTION = YES;
				GCC_WARN_UNUSED_VARIABLE = YES;
				IPHONEOS_DEPLOYMENT_TARGET = 15.2;
				MTL_ENABLE_DEBUG_INFO = INCLUDE_SOURCE;
				MTL_FAST_MATH = YES;
				ONLY_ACTIVE_ARCH = YES;
				SDKROOT = iphoneos;
				SWIFT_ACTIVE_COMPILATION_CONDITIONS = DEBUG;
				SWIFT_OPTIMIZATION_LEVEL = "-Onone";
			};
			name = Debug;
		};
		1CDF62BF279CE86E00AAAD82 /* Release */ = {
			isa = XCBuildConfiguration;
			buildSettings = {
				ALWAYS_SEARCH_USER_PATHS = NO;
				CLANG_ANALYZER_NONNULL = YES;
				CLANG_ANALYZER_NUMBER_OBJECT_CONVERSION = YES_AGGRESSIVE;
				CLANG_CXX_LANGUAGE_STANDARD = "gnu++17";
				CLANG_CXX_LIBRARY = "libc++";
				CLANG_ENABLE_MODULES = YES;
				CLANG_ENABLE_OBJC_ARC = YES;
				CLANG_ENABLE_OBJC_WEAK = YES;
				CLANG_WARN_BLOCK_CAPTURE_AUTORELEASING = YES;
				CLANG_WARN_BOOL_CONVERSION = YES;
				CLANG_WARN_COMMA = YES;
				CLANG_WARN_CONSTANT_CONVERSION = YES;
				CLANG_WARN_DEPRECATED_OBJC_IMPLEMENTATIONS = YES;
				CLANG_WARN_DIRECT_OBJC_ISA_USAGE = YES_ERROR;
				CLANG_WARN_DOCUMENTATION_COMMENTS = YES;
				CLANG_WARN_EMPTY_BODY = YES;
				CLANG_WARN_ENUM_CONVERSION = YES;
				CLANG_WARN_INFINITE_RECURSION = YES;
				CLANG_WARN_INT_CONVERSION = YES;
				CLANG_WARN_NON_LITERAL_NULL_CONVERSION = YES;
				CLANG_WARN_OBJC_IMPLICIT_RETAIN_SELF = YES;
				CLANG_WARN_OBJC_LITERAL_CONVERSION = YES;
				CLANG_WARN_OBJC_ROOT_CLASS = YES_ERROR;
				CLANG_WARN_QUOTED_INCLUDE_IN_FRAMEWORK_HEADER = YES;
				CLANG_WARN_RANGE_LOOP_ANALYSIS = YES;
				CLANG_WARN_STRICT_PROTOTYPES = YES;
				CLANG_WARN_SUSPICIOUS_MOVE = YES;
				CLANG_WARN_UNGUARDED_AVAILABILITY = YES_AGGRESSIVE;
				CLANG_WARN_UNREACHABLE_CODE = YES;
				CLANG_WARN__DUPLICATE_METHOD_MATCH = YES;
				COPY_PHASE_STRIP = NO;
				DEBUG_INFORMATION_FORMAT = "dwarf-with-dsym";
				ENABLE_NS_ASSERTIONS = NO;
				ENABLE_STRICT_OBJC_MSGSEND = YES;
				GCC_C_LANGUAGE_STANDARD = gnu11;
				GCC_NO_COMMON_BLOCKS = YES;
				GCC_WARN_64_TO_32_BIT_CONVERSION = YES;
				GCC_WARN_ABOUT_RETURN_TYPE = YES_ERROR;
				GCC_WARN_UNDECLARED_SELECTOR = YES;
				GCC_WARN_UNINITIALIZED_AUTOS = YES_AGGRESSIVE;
				GCC_WARN_UNUSED_FUNCTION = YES;
				GCC_WARN_UNUSED_VARIABLE = YES;
				IPHONEOS_DEPLOYMENT_TARGET = 15.2;
				MTL_ENABLE_DEBUG_INFO = NO;
				MTL_FAST_MATH = YES;
				SDKROOT = iphoneos;
				SWIFT_COMPILATION_MODE = wholemodule;
				SWIFT_OPTIMIZATION_LEVEL = "-O";
				VALIDATE_PRODUCT = YES;
			};
			name = Release;
		};
		1CDF62C1279CE86E00AAAD82 /* Debug */ = {
			isa = XCBuildConfiguration;
			buildSettings = {
				ASSETCATALOG_COMPILER_APPICON_NAME = AppIcon;
				ASSETCATALOG_COMPILER_GLOBAL_ACCENT_COLOR_NAME = AccentColor;
				CLANG_ENABLE_MODULES = YES;
				CODE_SIGN_STYLE = Automatic;
				CURRENT_PROJECT_VERSION = 1;
				DEVELOPMENT_TEAM = PGN5857P43;
				GCC_PRECOMPILE_PREFIX_HEADER = NO;
				GCC_PREFIX_HEADER = "$(SRCROOT)/SkywalkerTarget/PrefixHeader.pch";
				GENERATE_INFOPLIST_FILE = YES;
				INFOPLIST_FILE = SkywalkerTarget/Info.plist;
				INFOPLIST_KEY_UIApplicationSupportsIndirectInputEvents = YES;
				INFOPLIST_KEY_UILaunchStoryboardName = LaunchScreen;
				INFOPLIST_KEY_UIMainStoryboardFile = Main;
				INFOPLIST_KEY_UISupportedInterfaceOrientations_iPad = "UIInterfaceOrientationPortrait UIInterfaceOrientationPortraitUpsideDown UIInterfaceOrientationLandscapeLeft UIInterfaceOrientationLandscapeRight";
				INFOPLIST_KEY_UISupportedInterfaceOrientations_iPhone = "UIInterfaceOrientationPortrait UIInterfaceOrientationLandscapeLeft UIInterfaceOrientationLandscapeRight";
				LD_RUNPATH_SEARCH_PATHS = (
					"$(inherited)",
					"@executable_path/Frameworks",
				);
				MARKETING_VERSION = 1.0;
				PRODUCT_BUNDLE_IDENTIFIER = com.githubyangjunyi.com.SkywalkerTarget;
				PRODUCT_NAME = "$(TARGET_NAME)";
				SWIFT_EMIT_LOC_STRINGS = YES;
				SWIFT_OBJC_BRIDGING_HEADER = "SkywalkerTarget/SkywalkerTarget-Bridging-Header.h";
				SWIFT_OPTIMIZATION_LEVEL = "-Onone";
				SWIFT_VERSION = 5.0;
				TARGETED_DEVICE_FAMILY = "1,2";
			};
			name = Debug;
		};
		1CDF62C2279CE86E00AAAD82 /* Release */ = {
			isa = XCBuildConfiguration;
			buildSettings = {
				ASSETCATALOG_COMPILER_APPICON_NAME = AppIcon;
				ASSETCATALOG_COMPILER_GLOBAL_ACCENT_COLOR_NAME = AccentColor;
				CLANG_ENABLE_MODULES = YES;
				CODE_SIGN_STYLE = Automatic;
				CURRENT_PROJECT_VERSION = 1;
				DEVELOPMENT_TEAM = PGN5857P43;
				GCC_PRECOMPILE_PREFIX_HEADER = NO;
				GCC_PREFIX_HEADER = "$(SRCROOT)/SkywalkerTarget/PrefixHeader.pch";
				GENERATE_INFOPLIST_FILE = YES;
				INFOPLIST_FILE = SkywalkerTarget/Info.plist;
				INFOPLIST_KEY_UIApplicationSupportsIndirectInputEvents = YES;
				INFOPLIST_KEY_UILaunchStoryboardName = LaunchScreen;
				INFOPLIST_KEY_UIMainStoryboardFile = Main;
				INFOPLIST_KEY_UISupportedInterfaceOrientations_iPad = "UIInterfaceOrientationPortrait UIInterfaceOrientationPortraitUpsideDown UIInterfaceOrientationLandscapeLeft UIInterfaceOrientationLandscapeRight";
				INFOPLIST_KEY_UISupportedInterfaceOrientations_iPhone = "UIInterfaceOrientationPortrait UIInterfaceOrientationLandscapeLeft UIInterfaceOrientationLandscapeRight";
				LD_RUNPATH_SEARCH_PATHS = (
					"$(inherited)",
					"@executable_path/Frameworks",
				);
				MARKETING_VERSION = 1.0;
				PRODUCT_BUNDLE_IDENTIFIER = com.githubyangjunyi.com.SkywalkerTarget;
				PRODUCT_NAME = "$(TARGET_NAME)";
				SWIFT_EMIT_LOC_STRINGS = YES;
				SWIFT_OBJC_BRIDGING_HEADER = "SkywalkerTarget/SkywalkerTarget-Bridging-Header.h";
				SWIFT_VERSION = 5.0;
				TARGETED_DEVICE_FAMILY = "1,2";
			};
			name = Release;
		};
		1CDF62C4279CE86E00AAAD82 /* Debug */ = {
			isa = XCBuildConfiguration;
			buildSettings = {
				ALWAYS_EMBED_SWIFT_STANDARD_LIBRARIES = YES;
				BUNDLE_LOADER = "$(TEST_HOST)";
				CODE_SIGN_STYLE = Automatic;
				CURRENT_PROJECT_VERSION = 1;
				DEVELOPMENT_TEAM = PGN5857P43;
				GENERATE_INFOPLIST_FILE = YES;
				IPHONEOS_DEPLOYMENT_TARGET = 15.2;
				MARKETING_VERSION = 1.0;
				PRODUCT_BUNDLE_IDENTIFIER = com.githubyangjunyi.com.SkywalkerTargetTests;
				PRODUCT_NAME = "$(TARGET_NAME)";
				SWIFT_EMIT_LOC_STRINGS = NO;
				SWIFT_VERSION = 5.0;
				TARGETED_DEVICE_FAMILY = "1,2";
				TEST_HOST = "$(BUILT_PRODUCTS_DIR)/SkywalkerTarget.app/SkywalkerTarget";
			};
			name = Debug;
		};
		1CDF62C5279CE86E00AAAD82 /* Release */ = {
			isa = XCBuildConfiguration;
			buildSettings = {
				ALWAYS_EMBED_SWIFT_STANDARD_LIBRARIES = YES;
				BUNDLE_LOADER = "$(TEST_HOST)";
				CODE_SIGN_STYLE = Automatic;
				CURRENT_PROJECT_VERSION = 1;
				DEVELOPMENT_TEAM = PGN5857P43;
				GENERATE_INFOPLIST_FILE = YES;
				IPHONEOS_DEPLOYMENT_TARGET = 15.2;
				MARKETING_VERSION = 1.0;
				PRODUCT_BUNDLE_IDENTIFIER = com.githubyangjunyi.com.SkywalkerTargetTests;
				PRODUCT_NAME = "$(TARGET_NAME)";
				SWIFT_EMIT_LOC_STRINGS = NO;
				SWIFT_VERSION = 5.0;
				TARGETED_DEVICE_FAMILY = "1,2";
				TEST_HOST = "$(BUILT_PRODUCTS_DIR)/SkywalkerTarget.app/SkywalkerTarget";
			};
			name = Release;
		};
		1CDF62C7279CE86E00AAAD82 /* Debug */ = {
			isa = XCBuildConfiguration;
			buildSettings = {
				ALWAYS_EMBED_SWIFT_STANDARD_LIBRARIES = YES;
				CODE_SIGN_STYLE = Automatic;
				CURRENT_PROJECT_VERSION = 1;
				DEVELOPMENT_TEAM = PGN5857P43;
				GENERATE_INFOPLIST_FILE = YES;
				MARKETING_VERSION = 1.0;
				PRODUCT_BUNDLE_IDENTIFIER = com.githubyangjunyi.com.SkywalkerTargetUITests;
				PRODUCT_NAME = "$(TARGET_NAME)";
				SWIFT_EMIT_LOC_STRINGS = NO;
				SWIFT_VERSION = 5.0;
				TARGETED_DEVICE_FAMILY = "1,2";
				TEST_TARGET_NAME = SkywalkerTarget;
			};
			name = Debug;
		};
		1CDF62C8279CE86E00AAAD82 /* Release */ = {
			isa = XCBuildConfiguration;
			buildSettings = {
				ALWAYS_EMBED_SWIFT_STANDARD_LIBRARIES = YES;
				CODE_SIGN_STYLE = Automatic;
				CURRENT_PROJECT_VERSION = 1;
				DEVELOPMENT_TEAM = PGN5857P43;
				GENERATE_INFOPLIST_FILE = YES;
				MARKETING_VERSION = 1.0;
				PRODUCT_BUNDLE_IDENTIFIER = com.githubyangjunyi.com.SkywalkerTargetUITests;
				PRODUCT_NAME = "$(TARGET_NAME)";
				SWIFT_EMIT_LOC_STRINGS = NO;
				SWIFT_VERSION = 5.0;
				TARGETED_DEVICE_FAMILY = "1,2";
				TEST_TARGET_NAME = SkywalkerTarget;
			};
			name = Release;
		};
/* End XCBuildConfiguration section */

/* Begin XCConfigurationList section */
		1CDF6291279CE86C00AAAD82 /* Build configuration list for PBXProject "SkywalkerTarget" */ = {
			isa = XCConfigurationList;
			buildConfigurations = (
				1CDF62BE279CE86E00AAAD82 /* Debug */,
				1CDF62BF279CE86E00AAAD82 /* Release */,
			);
			defaultConfigurationIsVisible = 0;
			defaultConfigurationName = Release;
		};
		1CDF62C0279CE86E00AAAD82 /* Build configuration list for PBXNativeTarget "SkywalkerTarget" */ = {
			isa = XCConfigurationList;
			buildConfigurations = (
				1CDF62C1279CE86E00AAAD82 /* Debug */,
				1CDF62C2279CE86E00AAAD82 /* Release */,
			);
			defaultConfigurationIsVisible = 0;
			defaultConfigurationName = Release;
		};
		1CDF62C3279CE86E00AAAD82 /* Build configuration list for PBXNativeTarget "SkywalkerTargetTests" */ = {
			isa = XCConfigurationList;
			buildConfigurations = (
				1CDF62C4279CE86E00AAAD82 /* Debug */,
				1CDF62C5279CE86E00AAAD82 /* Release */,
			);
			defaultConfigurationIsVisible = 0;
			defaultConfigurationName = Release;
		};
		1CDF62C6279CE86E00AAAD82 /* Build configuration list for PBXNativeTarget "SkywalkerTargetUITests" */ = {
			isa = XCConfigurationList;
			buildConfigurations = (
				1CDF62C7279CE86E00AAAD82 /* Debug */,
				1CDF62C8279CE86E00AAAD82 /* Release */,
			);
			defaultConfigurationIsVisible = 0;
			defaultConfigurationName = Release;
		};
/* End XCConfigurationList section */

/* Begin XCSwiftPackageProductDependency section */
		1CDF62CC279CEAD400AAAD82 /* Skywalker */ = {
			isa = XCSwiftPackageProductDependency;
			productName = Skywalker;
		};
		1CDF62CE279CEAD400AAAD82 /* SkywalkerOC */ = {
			isa = XCSwiftPackageProductDependency;
			productName = SkywalkerOC;
		};
/* End XCSwiftPackageProductDependency section */
	};
	rootObject = 1CDF628E279CE86C00AAAD82 /* Project object */;
}
